{
  "pins" : [
    {
      "identity" : "swift-package-manager-google-mobile-ads",
      "kind" : "remoteSourceControl",
      "location" : "https://github.com/googleads/swift-package-manager-google-mobile-ads.git",
      "state" : {
        "revision" : "9ab66e38f5f0c2d02f2b024b1babd880130f19bf",
        "version" : "11.3.0"
      }
    },
    {
      "identity" : "swift-package-manager-google-user-messaging-platform",
      "kind" : "remoteSourceControl",
      "location" : "https://github.com/googleads/swift-package-manager-google-user-messaging-platform.git",
      "state" : {
        "revision" : "3b924ce3313a5fd2fc6a8dc889a8c38f76890fe3",
        "version" : "2.0.0"
      }
    }
  ],
  "version" : 2
}
