// !$*UTF8*$!
{
	archiveVersion = 1;
	classes = {
	};
	objectVersion = 56;
	objects = {

/* Begin PBXBuildFile section */
		300424372B7F975200177F0F /* App.swift in Sources */ = {isa = PBXBuildFile; fileRef = 300424362B7F975200177F0F /* App.swift */; };
		300424392B7F975200177F0F /* Tabs.swift in Sources */ = {isa = PBXBuildFile; fileRef = 300424382B7F975200177F0F /* Tabs.swift */; };
		3004243B2B7F975200177F0F /* Day.swift in Sources */ = {isa = PBXBuildFile; fileRef = 3004243A2B7F975200177F0F /* Day.swift */; };
		3004243D2B7F975300177F0F /* Assets.xcassets in Resources */ = {isa = PBXBuildFile; fileRef = 3004243C2B7F975300177F0F /* Assets.xcassets */; };
		300424402B7F975300177F0F /* Preview Assets.xcassets in Resources */ = {isa = PBXBuildFile; fileRef = 3004243F2B7F975300177F0F /* Preview Assets.xcassets */; };
		3048522D2D6F848200EE5682 /* DayView.swift in Sources */ = {isa = PBXBuildFile; fileRef = 3048522C2D6F848200EE5682 /* DayView.swift */; };
		3048522F2D6F8B5200EE5682 /* Dashboard.swift in Sources */ = {isa = PBXBuildFile; fileRef = 3048522E2D6F8B5200EE5682 /* Dashboard.swift */; };
		304852352D6F9AE100EE5682 /* Timecard.swift in Sources */ = {isa = PBXBuildFile; fileRef = 304852342D6F9AE100EE5682 /* Timecard.swift */; };
		304852372D6F9C4100EE5682 /* Calculator.swift in Sources */ = {isa = PBXBuildFile; fileRef = 304852362D6F9C4100EE5682 /* Calculator.swift */; };
		3048523E2D6FAC2D00EE5682 /* Extensions.swift in Sources */ = {isa = PBXBuildFile; fileRef = 3048523D2D6FAC2D00EE5682 /* Extensions.swift */; };
		3048523F2D6FACAE00EE5682 /* Extensions.swift in Sources */ = {isa = PBXBuildFile; fileRef = 3048523D2D6FAC2D00EE5682 /* Extensions.swift */; };
		304852412D6FACE000EE5682 /* SettingsView.swift in Sources */ = {isa = PBXBuildFile; fileRef = 304852402D6FACDF00EE5682 /* SettingsView.swift */; };
		304852442D709D1600EE5682 /* Week.swift in Sources */ = {isa = PBXBuildFile; fileRef = 304852432D709D1600EE5682 /* Week.swift */; };
		304852452D709D1600EE5682 /* Week.swift in Sources */ = {isa = PBXBuildFile; fileRef = 304852432D709D1600EE5682 /* Week.swift */; };
		304852472D70A3FC00EE5682 /* Settings.swift in Sources */ = {isa = PBXBuildFile; fileRef = 304852462D70A3FC00EE5682 /* Settings.swift */; };
		304852482D70A3FC00EE5682 /* Settings.swift in Sources */ = {isa = PBXBuildFile; fileRef = 304852462D70A3FC00EE5682 /* Settings.swift */; };
		3048524A2D70C8EF00EE5682 /* EstimationView.swift in Sources */ = {isa = PBXBuildFile; fileRef = 304852492D70C8EF00EE5682 /* EstimationView.swift */; };
		3048524B2D70CAC000EE5682 /* EstimationView.swift in Sources */ = {isa = PBXBuildFile; fileRef = 304852492D70C8EF00EE5682 /* EstimationView.swift */; };
		304852532D70F11300EE5682 /* WatchApp.swift in Sources */ = {isa = PBXBuildFile; fileRef = 304852522D70F11300EE5682 /* WatchApp.swift */; };
		304852552D70F11300EE5682 /* Dashboard.swift in Sources */ = {isa = PBXBuildFile; fileRef = 304852542D70F11300EE5682 /* Dashboard.swift */; };
		304852572D70F11500EE5682 /* Assets.xcassets in Resources */ = {isa = PBXBuildFile; fileRef = 304852562D70F11500EE5682 /* Assets.xcassets */; };
		3048525D2D70F11500EE5682 /* WatchApp.app in Embed Watch Content */ = {isa = PBXBuildFile; fileRef = 304852502D70F11300EE5682 /* WatchApp.app */; settings = {ATTRIBUTES = (RemoveHeadersOnCopy, ); }; };
		304852652D70F17900EE5682 /* Preview Assets.xcassets in Resources */ = {isa = PBXBuildFile; fileRef = 304852632D70F17900EE5682 /* Preview Assets.xcassets */; };
		304852662D70F18A00EE5682 /* Week.swift in Sources */ = {isa = PBXBuildFile; fileRef = 304852432D709D1600EE5682 /* Week.swift */; };
		304852672D70F18F00EE5682 /* Day.swift in Sources */ = {isa = PBXBuildFile; fileRef = 3004243A2B7F975200177F0F /* Day.swift */; };
		304852682D70F19600EE5682 /* Settings.swift in Sources */ = {isa = PBXBuildFile; fileRef = 304852462D70A3FC00EE5682 /* Settings.swift */; };
		304852692D70F19E00EE5682 /* Extensions.swift in Sources */ = {isa = PBXBuildFile; fileRef = 3048523D2D6FAC2D00EE5682 /* Extensions.swift */; };
		3048526C2D70F75800EE5682 /* EstimationView.swift in Sources */ = {isa = PBXBuildFile; fileRef = 304852492D70C8EF00EE5682 /* EstimationView.swift */; };
		30B84A082B83C06100CC7DF8 /* WidgetKit.framework in Frameworks */ = {isa = PBXBuildFile; fileRef = 30B84A072B83C06100CC7DF8 /* WidgetKit.framework */; };
		30B84A0A2B83C06100CC7DF8 /* SwiftUI.framework in Frameworks */ = {isa = PBXBuildFile; fileRef = 30B84A092B83C06100CC7DF8 /* SwiftUI.framework */; };
		30B84A0D2B83C06100CC7DF8 /* Bundle.swift in Sources */ = {isa = PBXBuildFile; fileRef = 30B84A0C2B83C06100CC7DF8 /* Bundle.swift */; };
		30B84A112B83C06100CC7DF8 /* TimecardWidget.swift in Sources */ = {isa = PBXBuildFile; fileRef = 30B84A102B83C06100CC7DF8 /* TimecardWidget.swift */; };
		30B84A132B83C06200CC7DF8 /* Assets.xcassets in Resources */ = {isa = PBXBuildFile; fileRef = 30B84A122B83C06200CC7DF8 /* Assets.xcassets */; };
		30B84A172B83C06200CC7DF8 /* Widget.appex in Embed Foundation Extensions */ = {isa = PBXBuildFile; fileRef = 30B84A052B83C06100CC7DF8 /* Widget.appex */; settings = {ATTRIBUTES = (RemoveHeadersOnCopy, ); }; };
		30B84A1D2B83C0EF00CC7DF8 /* Day.swift in Sources */ = {isa = PBXBuildFile; fileRef = 3004243A2B7F975200177F0F /* Day.swift */; };
/* End PBXBuildFile section */

/* Begin PBXContainerItemProxy section */
		3048525B2D70F11500EE5682 /* PBXContainerItemProxy */ = {
			isa = PBXContainerItemProxy;
			containerPortal = 3004242B2B7F975200177F0F /* Project object */;
			proxyType = 1;
			remoteGlobalIDString = 3048524F2D70F11300EE5682;
			remoteInfo = "TimecardWatch Watch App";
		};
		30B84A152B83C06200CC7DF8 /* PBXContainerItemProxy */ = {
			isa = PBXContainerItemProxy;
			containerPortal = 3004242B2B7F975200177F0F /* Project object */;
			proxyType = 1;
			remoteGlobalIDString = 30B84A042B83C06100CC7DF8;
			remoteInfo = WidgetExtension;
		};
/* End PBXContainerItemProxy section */

/* Begin PBXCopyFilesBuildPhase section */
		304852612D70F11500EE5682 /* Embed Watch Content */ = {
			isa = PBXCopyFilesBuildPhase;
			buildActionMask = 2147483647;
			dstPath = "$(CONTENTS_FOLDER_PATH)/Watch";
			dstSubfolderSpec = 16;
			files = (
				3048525D2D70F11500EE5682 /* WatchApp.app in Embed Watch Content */,
			);
			name = "Embed Watch Content";
			runOnlyForDeploymentPostprocessing = 0;
		};
		30B84A182B83C06200CC7DF8 /* Embed Foundation Extensions */ = {
			isa = PBXCopyFilesBuildPhase;
			buildActionMask = 2147483647;
			dstPath = "";
			dstSubfolderSpec = 13;
			files = (
				30B84A172B83C06200CC7DF8 /* Widget.appex in Embed Foundation Extensions */,
			);
			name = "Embed Foundation Extensions";
			runOnlyForDeploymentPostprocessing = 0;
		};
/* End PBXCopyFilesBuildPhase section */

/* Begin PBXFileReference section */
		300424332B7F975200177F0F /* App.app */ = {isa = PBXFileReference; explicitFileType = wrapper.application; includeInIndex = 0; path = App.app; sourceTree = BUILT_PRODUCTS_DIR; };
		300424362B7F975200177F0F /* App.swift */ = {isa = PBXFileReference; lastKnownFileType = sourcecode.swift; path = App.swift; sourceTree = "<group>"; };
		300424382B7F975200177F0F /* Tabs.swift */ = {isa = PBXFileReference; lastKnownFileType = sourcecode.swift; path = Tabs.swift; sourceTree = "<group>"; };
		3004243A2B7F975200177F0F /* Day.swift */ = {isa = PBXFileReference; lastKnownFileType = sourcecode.swift; path = Day.swift; sourceTree = "<group>"; };
		3004243C2B7F975300177F0F /* Assets.xcassets */ = {isa = PBXFileReference; lastKnownFileType = folder.assetcatalog; path = Assets.xcassets; sourceTree = "<group>"; };
		3004243F2B7F975300177F0F /* Preview Assets.xcassets */ = {isa = PBXFileReference; lastKnownFileType = folder.assetcatalog; path = "Preview Assets.xcassets"; sourceTree = "<group>"; };
		3048522C2D6F848200EE5682 /* DayView.swift */ = {isa = PBXFileReference; lastKnownFileType = sourcecode.swift; path = DayView.swift; sourceTree = "<group>"; };
		3048522E2D6F8B5200EE5682 /* Dashboard.swift */ = {isa = PBXFileReference; lastKnownFileType = sourcecode.swift; path = Dashboard.swift; sourceTree = "<group>"; };
		304852342D6F9AE100EE5682 /* Timecard.swift */ = {isa = PBXFileReference; lastKnownFileType = sourcecode.swift; path = Timecard.swift; sourceTree = "<group>"; };
		304852362D6F9C4100EE5682 /* Calculator.swift */ = {isa = PBXFileReference; lastKnownFileType = sourcecode.swift; path = Calculator.swift; sourceTree = "<group>"; };
		3048523D2D6FAC2D00EE5682 /* Extensions.swift */ = {isa = PBXFileReference; lastKnownFileType = sourcecode.swift; path = Extensions.swift; sourceTree = "<group>"; };
		304852402D6FACDF00EE5682 /* SettingsView.swift */ = {isa = PBXFileReference; lastKnownFileType = sourcecode.swift; path = SettingsView.swift; sourceTree = "<group>"; };
		304852432D709D1600EE5682 /* Week.swift */ = {isa = PBXFileReference; lastKnownFileType = sourcecode.swift; path = Week.swift; sourceTree = "<group>"; };
		304852462D70A3FC00EE5682 /* Settings.swift */ = {isa = PBXFileReference; lastKnownFileType = sourcecode.swift; path = Settings.swift; sourceTree = "<group>"; };
		304852492D70C8EF00EE5682 /* EstimationView.swift */ = {isa = PBXFileReference; lastKnownFileType = sourcecode.swift; path = EstimationView.swift; sourceTree = "<group>"; };
		304852502D70F11300EE5682 /* WatchApp.app */ = {isa = PBXFileReference; explicitFileType = wrapper.application; includeInIndex = 0; path = WatchApp.app; sourceTree = BUILT_PRODUCTS_DIR; };
		304852522D70F11300EE5682 /* WatchApp.swift */ = {isa = PBXFileReference; lastKnownFileType = sourcecode.swift; path = WatchApp.swift; sourceTree = "<group>"; };
		304852542D70F11300EE5682 /* Dashboard.swift */ = {isa = PBXFileReference; lastKnownFileType = sourcecode.swift; path = Dashboard.swift; sourceTree = "<group>"; };
		304852562D70F11500EE5682 /* Assets.xcassets */ = {isa = PBXFileReference; lastKnownFileType = folder.assetcatalog; path = Assets.xcassets; sourceTree = "<group>"; };
		304852632D70F17900EE5682 /* Preview Assets.xcassets */ = {isa = PBXFileReference; lastKnownFileType = folder.assetcatalog; path = "Preview Assets.xcassets"; sourceTree = "<group>"; };
		3048526B2D70F71500EE5682 /* WatchApp.entitlements */ = {isa = PBXFileReference; lastKnownFileType = text.plist.entitlements; path = WatchApp.entitlements; sourceTree = "<group>"; };
		3048526D2D70FB8F00EE5682 /* Info.plist */ = {isa = PBXFileReference; lastKnownFileType = text.plist.xml; path = Info.plist; sourceTree = "<group>"; };
		3048526E2D70FBE300EE5682 /* Info.plist */ = {isa = PBXFileReference; lastKnownFileType = text.plist.xml; path = Info.plist; sourceTree = "<group>"; };
		30B84A052B83C06100CC7DF8 /* Widget.appex */ = {isa = PBXFileReference; explicitFileType = "wrapper.app-extension"; includeInIndex = 0; path = Widget.appex; sourceTree = BUILT_PRODUCTS_DIR; };
		30B84A072B83C06100CC7DF8 /* WidgetKit.framework */ = {isa = PBXFileReference; lastKnownFileType = wrapper.framework; name = WidgetKit.framework; path = System/Library/Frameworks/WidgetKit.framework; sourceTree = SDKROOT; };
		30B84A092B83C06100CC7DF8 /* SwiftUI.framework */ = {isa = PBXFileReference; lastKnownFileType = wrapper.framework; name = SwiftUI.framework; path = System/Library/Frameworks/SwiftUI.framework; sourceTree = SDKROOT; };
		30B84A0C2B83C06100CC7DF8 /* Bundle.swift */ = {isa = PBXFileReference; lastKnownFileType = sourcecode.swift; path = Bundle.swift; sourceTree = "<group>"; };
		30B84A102B83C06100CC7DF8 /* TimecardWidget.swift */ = {isa = PBXFileReference; lastKnownFileType = sourcecode.swift; path = TimecardWidget.swift; sourceTree = "<group>"; };
		30B84A122B83C06200CC7DF8 /* Assets.xcassets */ = {isa = PBXFileReference; lastKnownFileType = folder.assetcatalog; path = Assets.xcassets; sourceTree = "<group>"; };
		30B84A142B83C06200CC7DF8 /* Info.plist */ = {isa = PBXFileReference; lastKnownFileType = text.plist.xml; path = Info.plist; sourceTree = "<group>"; };
		30B84A1C2B83C0B100CC7DF8 /* WidgetExtension.entitlements */ = {isa = PBXFileReference; lastKnownFileType = text.plist.entitlements; path = WidgetExtension.entitlements; sourceTree = "<group>"; };
		30B84A2E2B83F77E00CC7DF8 /* Timecard.entitlements */ = {isa = PBXFileReference; lastKnownFileType = text.plist.entitlements; path = Timecard.entitlements; sourceTree = "<group>"; };
/* End PBXFileReference section */

/* Begin PBXFrameworksBuildPhase section */
		300424302B7F975200177F0F /* Frameworks */ = {
			isa = PBXFrameworksBuildPhase;
			buildActionMask = 2147483647;
			files = (
			);
			runOnlyForDeploymentPostprocessing = 0;
		};
		3048524D2D70F11300EE5682 /* Frameworks */ = {
			isa = PBXFrameworksBuildPhase;
			buildActionMask = 2147483647;
			files = (
			);
			runOnlyForDeploymentPostprocessing = 0;
		};
		30B84A022B83C06100CC7DF8 /* Frameworks */ = {
			isa = PBXFrameworksBuildPhase;
			buildActionMask = 2147483647;
			files = (
				30B84A0A2B83C06100CC7DF8 /* SwiftUI.framework in Frameworks */,
				30B84A082B83C06100CC7DF8 /* WidgetKit.framework in Frameworks */,
			);
			runOnlyForDeploymentPostprocessing = 0;
		};
/* End PBXFrameworksBuildPhase section */

/* Begin PBXGroup section */
		3004242A2B7F975200177F0F = {
			isa = PBXGroup;
			children = (
				300424352B7F975200177F0F /* App */,
				30B84A0B2B83C06100CC7DF8 /* Widget */,
				304852622D70F16900EE5682 /* WatchApp */,
				30B84A062B83C06100CC7DF8 /* Frameworks */,
				300424342B7F975200177F0F /* Products */,
			);
			sourceTree = "<group>";
		};
		300424342B7F975200177F0F /* Products */ = {
			isa = PBXGroup;
			children = (
				300424332B7F975200177F0F /* App.app */,
				30B84A052B83C06100CC7DF8 /* Widget.appex */,
				304852502D70F11300EE5682 /* WatchApp.app */,
			);
			name = Products;
			sourceTree = "<group>";
		};
		300424352B7F975200177F0F /* App */ = {
			isa = PBXGroup;
			children = (
				300424362B7F975200177F0F /* App.swift */,
				300424382B7F975200177F0F /* Tabs.swift */,
				3048523B2D6FABFC00EE5682 /* Tabs */,
				3048523C2D6FAC1300EE5682 /* Models */,
				304852422D6FB0DA00EE5682 /* Views */,
				3048523D2D6FAC2D00EE5682 /* Extensions.swift */,
				3004243C2B7F975300177F0F /* Assets.xcassets */,
				3048526D2D70FB8F00EE5682 /* Info.plist */,
				30B84A2E2B83F77E00CC7DF8 /* Timecard.entitlements */,
				3004243E2B7F975300177F0F /* Preview Content */,
			);
			path = App;
			sourceTree = "<group>";
		};
		3004243E2B7F975300177F0F /* Preview Content */ = {
			isa = PBXGroup;
			children = (
				3004243F2B7F975300177F0F /* Preview Assets.xcassets */,
			);
			path = "Preview Content";
			sourceTree = "<group>";
		};
		3048523B2D6FABFC00EE5682 /* Tabs */ = {
			isa = PBXGroup;
			children = (
				3048522E2D6F8B5200EE5682 /* Dashboard.swift */,
				304852342D6F9AE100EE5682 /* Timecard.swift */,
				304852362D6F9C4100EE5682 /* Calculator.swift */,
			);
			path = Tabs;
			sourceTree = "<group>";
		};
		3048523C2D6FAC1300EE5682 /* Models */ = {
			isa = PBXGroup;
			children = (
				304852432D709D1600EE5682 /* Week.swift */,
				3004243A2B7F975200177F0F /* Day.swift */,
				304852462D70A3FC00EE5682 /* Settings.swift */,
			);
			path = Models;
			sourceTree = "<group>";
		};
		304852422D6FB0DA00EE5682 /* Views */ = {
			isa = PBXGroup;
			children = (
				3048522C2D6F848200EE5682 /* DayView.swift */,
				304852402D6FACDF00EE5682 /* SettingsView.swift */,
				304852492D70C8EF00EE5682 /* EstimationView.swift */,
			);
			path = Views;
			sourceTree = "<group>";
		};
		304852622D70F16900EE5682 /* WatchApp */ = {
			isa = PBXGroup;
			children = (
				304852522D70F11300EE5682 /* WatchApp.swift */,
				304852542D70F11300EE5682 /* Dashboard.swift */,
				304852562D70F11500EE5682 /* Assets.xcassets */,
				3048526E2D70FBE300EE5682 /* Info.plist */,
				3048526B2D70F71500EE5682 /* WatchApp.entitlements */,
				3048526A2D70F21C00EE5682 /* Preview Content */,
			);
			path = WatchApp;
			sourceTree = "<group>";
		};
		3048526A2D70F21C00EE5682 /* Preview Content */ = {
			isa = PBXGroup;
			children = (
				304852632D70F17900EE5682 /* Preview Assets.xcassets */,
			);
			path = "Preview Content";
			sourceTree = "<group>";
		};
		30B84A062B83C06100CC7DF8 /* Frameworks */ = {
			isa = PBXGroup;
			children = (
				30B84A072B83C06100CC7DF8 /* WidgetKit.framework */,
				30B84A092B83C06100CC7DF8 /* SwiftUI.framework */,
			);
			name = Frameworks;
			sourceTree = "<group>";
		};
		30B84A0B2B83C06100CC7DF8 /* Widget */ = {
			isa = PBXGroup;
			children = (
				30B84A0C2B83C06100CC7DF8 /* Bundle.swift */,
				30B84A102B83C06100CC7DF8 /* TimecardWidget.swift */,
				30B84A122B83C06200CC7DF8 /* Assets.xcassets */,
				30B84A142B83C06200CC7DF8 /* Info.plist */,
				30B84A1C2B83C0B100CC7DF8 /* WidgetExtension.entitlements */,
			);
			path = Widget;
			sourceTree = "<group>";
		};
/* End PBXGroup section */

/* Begin PBXNativeTarget section */
		300424322B7F975200177F0F /* App */ = {
			isa = PBXNativeTarget;
			buildConfigurationList = 300424452B7F975300177F0F /* Build configuration list for PBXNativeTarget "App" */;
			buildPhases = (
				3004242F2B7F975200177F0F /* Sources */,
				300424302B7F975200177F0F /* Frameworks */,
				300424312B7F975200177F0F /* Resources */,
				30B84A182B83C06200CC7DF8 /* Embed Foundation Extensions */,
				304852612D70F11500EE5682 /* Embed Watch Content */,
			);
			buildRules = (
			);
			dependencies = (
				30B84A162B83C06200CC7DF8 /* PBXTargetDependency */,
				3048525C2D70F11500EE5682 /* PBXTargetDependency */,
			);
			name = App;
			packageProductDependencies = (
			);
			productName = Timecard;
			productReference = 300424332B7F975200177F0F /* App.app */;
			productType = "com.apple.product-type.application";
		};
		3048524F2D70F11300EE5682 /* WatchApp */ = {
			isa = PBXNativeTarget;
			buildConfigurationList = 3048525E2D70F11500EE5682 /* Build configuration list for PBXNativeTarget "WatchApp" */;
			buildPhases = (
				3048524C2D70F11300EE5682 /* Sources */,
				3048524D2D70F11300EE5682 /* Frameworks */,
				3048524E2D70F11300EE5682 /* Resources */,
			);
			buildRules = (
			);
			dependencies = (
			);
			name = WatchApp;
			packageProductDependencies = (
			);
			productName = "TimecardWatch Watch App";
			productReference = 304852502D70F11300EE5682 /* WatchApp.app */;
			productType = "com.apple.product-type.application";
		};
		30B84A042B83C06100CC7DF8 /* Widget */ = {
			isa = PBXNativeTarget;
			buildConfigurationList = 30B84A1B2B83C06200CC7DF8 /* Build configuration list for PBXNativeTarget "Widget" */;
			buildPhases = (
				30B84A012B83C06100CC7DF8 /* Sources */,
				30B84A022B83C06100CC7DF8 /* Frameworks */,
				30B84A032B83C06100CC7DF8 /* Resources */,
			);
			buildRules = (
			);
			dependencies = (
			);
			name = Widget;
			productName = WidgetExtension;
			productReference = 30B84A052B83C06100CC7DF8 /* Widget.appex */;
			productType = "com.apple.product-type.app-extension";
		};
/* End PBXNativeTarget section */

/* Begin PBXProject section */
		3004242B2B7F975200177F0F /* Project object */ = {
			isa = PBXProject;
			attributes = {
				BuildIndependentTargetsInParallel = 1;
				LastSwiftUpdateCheck = 1620;
				LastUpgradeCheck = 1620;
				TargetAttributes = {
					300424322B7F975200177F0F = {
						CreatedOnToolsVersion = 15.2;
					};
					3048524F2D70F11300EE5682 = {
						CreatedOnToolsVersion = 16.2;
					};
					30B84A042B83C06100CC7DF8 = {
						CreatedOnToolsVersion = 15.2;
					};
				};
			};
			buildConfigurationList = 3004242E2B7F975200177F0F /* Build configuration list for PBXProject "Timecard" */;
			compatibilityVersion = "Xcode 14.0";
			developmentRegion = en;
			hasScannedForEncodings = 0;
			knownRegions = (
				en,
				Base,
			);
			mainGroup = 3004242A2B7F975200177F0F;
			packageReferences = (
			);
			productRefGroup = 300424342B7F975200177F0F /* Products */;
			projectDirPath = "";
			projectRoot = "";
			targets = (
				300424322B7F975200177F0F /* App */,
				30B84A042B83C06100CC7DF8 /* Widget */,
				3048524F2D70F11300EE5682 /* WatchApp */,
			);
		};
/* End PBXProject section */

/* Begin PBXResourcesBuildPhase section */
		300424312B7F975200177F0F /* Resources */ = {
			isa = PBXResourcesBuildPhase;
			buildActionMask = 2147483647;
			files = (
				300424402B7F975300177F0F /* Preview Assets.xcassets in Resources */,
				3004243D2B7F975300177F0F /* Assets.xcassets in Resources */,
			);
			runOnlyForDeploymentPostprocessing = 0;
		};
		3048524E2D70F11300EE5682 /* Resources */ = {
			isa = PBXResourcesBuildPhase;
			buildActionMask = 2147483647;
			files = (
				304852652D70F17900EE5682 /* Preview Assets.xcassets in Resources */,
				304852572D70F11500EE5682 /* Assets.xcassets in Resources */,
			);
			runOnlyForDeploymentPostprocessing = 0;
		};
		30B84A032B83C06100CC7DF8 /* Resources */ = {
			isa = PBXResourcesBuildPhase;
			buildActionMask = 2147483647;
			files = (
				30B84A132B83C06200CC7DF8 /* Assets.xcassets in Resources */,
			);
			runOnlyForDeploymentPostprocessing = 0;
		};
/* End PBXResourcesBuildPhase section */

/* Begin PBXSourcesBuildPhase section */
		3004242F2B7F975200177F0F /* Sources */ = {
			isa = PBXSourcesBuildPhase;
			buildActionMask = 2147483647;
			files = (
				300424392B7F975200177F0F /* Tabs.swift in Sources */,
				3004243B2B7F975200177F0F /* Day.swift in Sources */,
				304852412D6FACE000EE5682 /* SettingsView.swift in Sources */,
				3048522D2D6F848200EE5682 /* DayView.swift in Sources */,
				304852372D6F9C4100EE5682 /* Calculator.swift in Sources */,
				304852442D709D1600EE5682 /* Week.swift in Sources */,
				304852352D6F9AE100EE5682 /* Timecard.swift in Sources */,
				300424372B7F975200177F0F /* App.swift in Sources */,
				3048523E2D6FAC2D00EE5682 /* Extensions.swift in Sources */,
				3048524A2D70C8EF00EE5682 /* EstimationView.swift in Sources */,
				304852482D70A3FC00EE5682 /* Settings.swift in Sources */,
				3048522F2D6F8B5200EE5682 /* Dashboard.swift in Sources */,
			);
			runOnlyForDeploymentPostprocessing = 0;
		};
		3048524C2D70F11300EE5682 /* Sources */ = {
			isa = PBXSourcesBuildPhase;
			buildActionMask = 2147483647;
			files = (
				304852552D70F11300EE5682 /* Dashboard.swift in Sources */,
				304852692D70F19E00EE5682 /* Extensions.swift in Sources */,
				304852532D70F11300EE5682 /* WatchApp.swift in Sources */,
				304852672D70F18F00EE5682 /* Day.swift in Sources */,
				304852662D70F18A00EE5682 /* Week.swift in Sources */,
				3048526C2D70F75800EE5682 /* EstimationView.swift in Sources */,
				304852682D70F19600EE5682 /* Settings.swift in Sources */,
			);
			runOnlyForDeploymentPostprocessing = 0;
		};
		30B84A012B83C06100CC7DF8 /* Sources */ = {
			isa = PBXSourcesBuildPhase;
			buildActionMask = 2147483647;
			files = (
				304852472D70A3FC00EE5682 /* Settings.swift in Sources */,
				3048523F2D6FACAE00EE5682 /* Extensions.swift in Sources */,
				30B84A0D2B83C06100CC7DF8 /* Bundle.swift in Sources */,
				30B84A1D2B83C0EF00CC7DF8 /* Day.swift in Sources */,
				304852452D709D1600EE5682 /* Week.swift in Sources */,
				3048524B2D70CAC000EE5682 /* EstimationView.swift in Sources */,
				30B84A112B83C06100CC7DF8 /* TimecardWidget.swift in Sources */,
			);
			runOnlyForDeploymentPostprocessing = 0;
		};
/* End PBXSourcesBuildPhase section */

/* Begin PBXTargetDependency section */
		3048525C2D70F11500EE5682 /* PBXTargetDependency */ = {
			isa = PBXTargetDependency;
			target = 3048524F2D70F11300EE5682 /* WatchApp */;
			targetProxy = 3048525B2D70F11500EE5682 /* PBXContainerItemProxy */;
		};
		30B84A162B83C06200CC7DF8 /* PBXTargetDependency */ = {
			isa = PBXTargetDependency;
			target = 30B84A042B83C06100CC7DF8 /* Widget */;
			targetProxy = 30B84A152B83C06200CC7DF8 /* PBXContainerItemProxy */;
		};
/* End PBXTargetDependency section */

/* Begin XCBuildConfiguration section */
		300424432B7F975300177F0F /* Debug */ = {
			isa = XCBuildConfiguration;
			buildSettings = {
				ALWAYS_SEARCH_USER_PATHS = NO;
				ASSETCATALOG_COMPILER_GENERATE_SWIFT_ASSET_SYMBOL_EXTENSIONS = YES;
				CLANG_ANALYZER_NONNULL = YES;
				CLANG_ANALYZER_NUMBER_OBJECT_CONVERSION = YES_AGGRESSIVE;
				CLANG_CXX_LANGUAGE_STANDARD = "gnu++20";
				CLANG_ENABLE_MODULES = YES;
				CLANG_ENABLE_OBJC_ARC = YES;
				CLANG_ENABLE_OBJC_WEAK = YES;
				CLANG_WARN_BLOCK_CAPTURE_AUTORELEASING = YES;
				CLANG_WARN_BOOL_CONVERSION = YES;
				CLANG_WARN_COMMA = YES;
				CLANG_WARN_CONSTANT_CONVERSION = YES;
				CLANG_WARN_DEPRECATED_OBJC_IMPLEMENTATIONS = YES;
				CLANG_WARN_DIRECT_OBJC_ISA_USAGE = YES_ERROR;
				CLANG_WARN_DOCUMENTATION_COMMENTS = YES;
				CLANG_WARN_EMPTY_BODY = YES;
				CLANG_WARN_ENUM_CONVERSION = YES;
				CLANG_WARN_INFINITE_RECURSION = YES;
				CLANG_WARN_INT_CONVERSION = YES;
				CLANG_WARN_NON_LITERAL_NULL_CONVERSION = YES;
				CLANG_WARN_OBJC_IMPLICIT_RETAIN_SELF = YES;
				CLANG_WARN_OBJC_LITERAL_CONVERSION = YES;
				CLANG_WARN_OBJC_ROOT_CLASS = YES_ERROR;
				CLANG_WARN_QUOTED_INCLUDE_IN_FRAMEWORK_HEADER = YES;
				CLANG_WARN_RANGE_LOOP_ANALYSIS = YES;
				CLANG_WARN_STRICT_PROTOTYPES = YES;
				CLANG_WARN_SUSPICIOUS_MOVE = YES;
				CLANG_WARN_UNGUARDED_AVAILABILITY = YES_AGGRESSIVE;
				CLANG_WARN_UNREACHABLE_CODE = YES;
				CLANG_WARN__DUPLICATE_METHOD_MATCH = YES;
				COPY_PHASE_STRIP = NO;
				DEBUG_INFORMATION_FORMAT = dwarf;
				ENABLE_STRICT_OBJC_MSGSEND = YES;
				ENABLE_TESTABILITY = YES;
				ENABLE_USER_SCRIPT_SANDBOXING = YES;
				GCC_C_LANGUAGE_STANDARD = gnu17;
				GCC_DYNAMIC_NO_PIC = NO;
				GCC_NO_COMMON_BLOCKS = YES;
				GCC_OPTIMIZATION_LEVEL = 0;
				GCC_PREPROCESSOR_DEFINITIONS = (
					"DEBUG=1",
					"$(inherited)",
				);
				GCC_WARN_64_TO_32_BIT_CONVERSION = YES;
				GCC_WARN_ABOUT_RETURN_TYPE = YES_ERROR;
				GCC_WARN_UNDECLARED_SELECTOR = YES;
				GCC_WARN_UNINITIALIZED_AUTOS = YES_AGGRESSIVE;
				GCC_WARN_UNUSED_FUNCTION = YES;
				GCC_WARN_UNUSED_VARIABLE = YES;
				IPHONEOS_DEPLOYMENT_TARGET = 17.0;
				LOCALIZATION_PREFERS_STRING_CATALOGS = YES;
				MTL_ENABLE_DEBUG_INFO = INCLUDE_SOURCE;
				MTL_FAST_MATH = YES;
				ONLY_ACTIVE_ARCH = YES;
				SDKROOT = iphoneos;
				SWIFT_ACTIVE_COMPILATION_CONDITIONS = "DEBUG $(inherited)";
				SWIFT_OPTIMIZATION_LEVEL = "-Onone";
			};
			name = Debug;
		};
		300424442B7F975300177F0F /* Release */ = {
			isa = XCBuildConfiguration;
			buildSettings = {
				ALWAYS_SEARCH_USER_PATHS = NO;
				ASSETCATALOG_COMPILER_GENERATE_SWIFT_ASSET_SYMBOL_EXTENSIONS = YES;
				CLANG_ANALYZER_NONNULL = YES;
				CLANG_ANALYZER_NUMBER_OBJECT_CONVERSION = YES_AGGRESSIVE;
				CLANG_CXX_LANGUAGE_STANDARD = "gnu++20";
				CLANG_ENABLE_MODULES = YES;
				CLANG_ENABLE_OBJC_ARC = YES;
				CLANG_ENABLE_OBJC_WEAK = YES;
				CLANG_WARN_BLOCK_CAPTURE_AUTORELEASING = YES;
				CLANG_WARN_BOOL_CONVERSION = YES;
				CLANG_WARN_COMMA = YES;
				CLANG_WARN_CONSTANT_CONVERSION = YES;
				CLANG_WARN_DEPRECATED_OBJC_IMPLEMENTATIONS = YES;
				CLANG_WARN_DIRECT_OBJC_ISA_USAGE = YES_ERROR;
				CLANG_WARN_DOCUMENTATION_COMMENTS = YES;
				CLANG_WARN_EMPTY_BODY = YES;
				CLANG_WARN_ENUM_CONVERSION = YES;
				CLANG_WARN_INFINITE_RECURSION = YES;
				CLANG_WARN_INT_CONVERSION = YES;
				CLANG_WARN_NON_LITERAL_NULL_CONVERSION = YES;
				CLANG_WARN_OBJC_IMPLICIT_RETAIN_SELF = YES;
				CLANG_WARN_OBJC_LITERAL_CONVERSION = YES;
				CLANG_WARN_OBJC_ROOT_CLASS = YES_ERROR;
				CLANG_WARN_QUOTED_INCLUDE_IN_FRAMEWORK_HEADER = YES;
				CLANG_WARN_RANGE_LOOP_ANALYSIS = YES;
				CLANG_WARN_STRICT_PROTOTYPES = YES;
				CLANG_WARN_SUSPICIOUS_MOVE = YES;
				CLANG_WARN_UNGUARDED_AVAILABILITY = YES_AGGRESSIVE;
				CLANG_WARN_UNREACHABLE_CODE = YES;
				CLANG_WARN__DUPLICATE_METHOD_MATCH = YES;
				COPY_PHASE_STRIP = NO;
				DEBUG_INFORMATION_FORMAT = "dwarf-with-dsym";
				ENABLE_NS_ASSERTIONS = NO;
				ENABLE_STRICT_OBJC_MSGSEND = YES;
				ENABLE_USER_SCRIPT_SANDBOXING = YES;
				GCC_C_LANGUAGE_STANDARD = gnu17;
				GCC_NO_COMMON_BLOCKS = YES;
				GCC_WARN_64_TO_32_BIT_CONVERSION = YES;
				GCC_WARN_ABOUT_RETURN_TYPE = YES_ERROR;
				GCC_WARN_UNDECLARED_SELECTOR = YES;
				GCC_WARN_UNINITIALIZED_AUTOS = YES_AGGRESSIVE;
				GCC_WARN_UNUSED_FUNCTION = YES;
				GCC_WARN_UNUSED_VARIABLE = YES;
				IPHONEOS_DEPLOYMENT_TARGET = 17.0;
				LOCALIZATION_PREFERS_STRING_CATALOGS = YES;
				MTL_ENABLE_DEBUG_INFO = NO;
				MTL_FAST_MATH = YES;
				SDKROOT = iphoneos;
				SWIFT_COMPILATION_MODE = wholemodule;
				VALIDATE_PRODUCT = YES;
			};
			name = Release;
		};
		300424462B7F975300177F0F /* Debug */ = {
			isa = XCBuildConfiguration;
			buildSettings = {
				ASSETCATALOG_COMPILER_APPICON_NAME = AppIcon;
				ASSETCATALOG_COMPILER_GLOBAL_ACCENT_COLOR_NAME = AccentColor;
				CODE_SIGN_ENTITLEMENTS = App/Timecard.entitlements;
				CODE_SIGN_STYLE = Automatic;
				CURRENT_PROJECT_VERSION = 1;
				DEVELOPMENT_ASSET_PATHS = "\"App/Preview Content\"";
				DEVELOPMENT_TEAM = JY83NY58JG;
				ENABLE_PREVIEWS = YES;
				GENERATE_INFOPLIST_FILE = YES;
				INFOPLIST_FILE = App/Info.plist;
				INFOPLIST_KEY_UIApplicationSceneManifest_Generation = YES;
				INFOPLIST_KEY_UIApplicationSupportsIndirectInputEvents = YES;
				INFOPLIST_KEY_UILaunchScreen_Generation = YES;
				INFOPLIST_KEY_UISupportedInterfaceOrientations_iPad = "UIInterfaceOrientationPortrait UIInterfaceOrientationPortraitUpsideDown UIInterfaceOrientationLandscapeLeft UIInterfaceOrientationLandscapeRight";
				INFOPLIST_KEY_UISupportedInterfaceOrientations_iPhone = "UIInterfaceOrientationPortrait UIInterfaceOrientationLandscapeLeft UIInterfaceOrientationLandscapeRight";
				LD_RUNPATH_SEARCH_PATHS = (
					"$(inherited)",
					"@executable_path/Frameworks",
				);
				MARKETING_VERSION = 2.0;
				PRODUCT_BUNDLE_IDENTIFIER = com.jacobmccloud.Timecard;
				PRODUCT_NAME = "$(TARGET_NAME)";
				SWIFT_EMIT_LOC_STRINGS = YES;
				SWIFT_VERSION = 6.0;
				TARGETED_DEVICE_FAMILY = "1,2";
			};
			name = Debug;
		};
		300424472B7F975300177F0F /* Release */ = {
			isa = XCBuildConfiguration;
			buildSettings = {
				ASSETCATALOG_COMPILER_APPICON_NAME = AppIcon;
				ASSETCATALOG_COMPILER_GLOBAL_ACCENT_COLOR_NAME = AccentColor;
				CODE_SIGN_ENTITLEMENTS = App/Timecard.entitlements;
				CODE_SIGN_STYLE = Automatic;
				CURRENT_PROJECT_VERSION = 1;
				DEVELOPMENT_ASSET_PATHS = "\"App/Preview Content\"";
				DEVELOPMENT_TEAM = JY83NY58JG;
				ENABLE_PREVIEWS = YES;
				GENERATE_INFOPLIST_FILE = YES;
				INFOPLIST_FILE = App/Info.plist;
				INFOPLIST_KEY_UIApplicationSceneManifest_Generation = YES;
				INFOPLIST_KEY_UIApplicationSupportsIndirectInputEvents = YES;
				INFOPLIST_KEY_UILaunchScreen_Generation = YES;
				INFOPLIST_KEY_UISupportedInterfaceOrientations_iPad = "UIInterfaceOrientationPortrait UIInterfaceOrientationPortraitUpsideDown UIInterfaceOrientationLandscapeLeft UIInterfaceOrientationLandscapeRight";
				INFOPLIST_KEY_UISupportedInterfaceOrientations_iPhone = "UIInterfaceOrientationPortrait UIInterfaceOrientationLandscapeLeft UIInterfaceOrientationLandscapeRight";
				LD_RUNPATH_SEARCH_PATHS = (
					"$(inherited)",
					"@executable_path/Frameworks",
				);
				MARKETING_VERSION = 2.0;
				PRODUCT_BUNDLE_IDENTIFIER = com.jacobmccloud.Timecard;
				PRODUCT_NAME = "$(TARGET_NAME)";
				SWIFT_EMIT_LOC_STRINGS = YES;
				SWIFT_VERSION = 6.0;
				TARGETED_DEVICE_FAMILY = "1,2";
			};
			name = Release;
		};
		3048525F2D70F11500EE5682 /* Debug */ = {
			isa = XCBuildConfiguration;
			buildSettings = {
				ASSETCATALOG_COMPILER_APPICON_NAME = AppIcon;
				ASSETCATALOG_COMPILER_GLOBAL_ACCENT_COLOR_NAME = AccentColor;
				CODE_SIGN_ENTITLEMENTS = WatchApp/WatchApp.entitlements;
				CODE_SIGN_STYLE = Automatic;
				CURRENT_PROJECT_VERSION = 1;
				DEVELOPMENT_ASSET_PATHS = "\"WatchApp/Preview Content\"";
				DEVELOPMENT_TEAM = JY83NY58JG;
				ENABLE_PREVIEWS = YES;
				GENERATE_INFOPLIST_FILE = YES;
				INFOPLIST_FILE = WatchApp/Info.plist;
				INFOPLIST_KEY_CFBundleDisplayName = TimecardWatch;
				INFOPLIST_KEY_UISupportedInterfaceOrientations = "UIInterfaceOrientationPortrait UIInterfaceOrientationPortraitUpsideDown";
				INFOPLIST_KEY_WKCompanionAppBundleIdentifier = com.jacobmccloud.Timecard;
				LD_RUNPATH_SEARCH_PATHS = (
					"$(inherited)",
					"@executable_path/Frameworks",
				);
				MARKETING_VERSION = 2.0;
				PRODUCT_BUNDLE_IDENTIFIER = com.jacobmccloud.Timecard.watchapp;
				PRODUCT_NAME = "$(TARGET_NAME)";
				SDKROOT = watchos;
				SKIP_INSTALL = YES;
				SWIFT_EMIT_LOC_STRINGS = YES;
				SWIFT_VERSION = 6.0;
				TARGETED_DEVICE_FAMILY = 4;
				WATCHOS_DEPLOYMENT_TARGET = 11.2;
			};
			name = Debug;
		};
		304852602D70F11500EE5682 /* Release */ = {
			isa = XCBuildConfiguration;
			buildSettings = {
				ASSETCATALOG_COMPILER_APPICON_NAME = AppIcon;
				ASSETCATALOG_COMPILER_GLOBAL_ACCENT_COLOR_NAME = AccentColor;
				CODE_SIGN_ENTITLEMENTS = WatchApp/WatchApp.entitlements;
				CODE_SIGN_STYLE = Automatic;
				CURRENT_PROJECT_VERSION = 1;
				DEVELOPMENT_ASSET_PATHS = "\"WatchApp/Preview Content\"";
				DEVELOPMENT_TEAM = JY83NY58JG;
				ENABLE_PREVIEWS = YES;
				GENERATE_INFOPLIST_FILE = YES;
				INFOPLIST_FILE = WatchApp/Info.plist;
				INFOPLIST_KEY_CFBundleDisplayName = TimecardWatch;
				INFOPLIST_KEY_UISupportedInterfaceOrientations = "UIInterfaceOrientationPortrait UIInterfaceOrientationPortraitUpsideDown";
				INFOPLIST_KEY_WKCompanionAppBundleIdentifier = com.jacobmccloud.Timecard;
				LD_RUNPATH_SEARCH_PATHS = (
					"$(inherited)",
					"@executable_path/Frameworks",
				);
				MARKETING_VERSION = 2.0;
				PRODUCT_BUNDLE_IDENTIFIER = com.jacobmccloud.Timecard.watchapp;
				PRODUCT_NAME = "$(TARGET_NAME)";
				SDKROOT = watchos;
				SKIP_INSTALL = YES;
				SWIFT_EMIT_LOC_STRINGS = YES;
				SWIFT_VERSION = 6.0;
				TARGETED_DEVICE_FAMILY = 4;
				WATCHOS_DEPLOYMENT_TARGET = 11.2;
			};
			name = Release;
		};
		30B84A192B83C06200CC7DF8 /* Debug */ = {
			isa = XCBuildConfiguration;
			buildSettings = {
				ASSETCATALOG_COMPILER_GLOBAL_ACCENT_COLOR_NAME = AccentColor;
				ASSETCATALOG_COMPILER_WIDGET_BACKGROUND_COLOR_NAME = WidgetBackground;
				CODE_SIGN_ENTITLEMENTS = Widget/WidgetExtension.entitlements;
				CODE_SIGN_STYLE = Automatic;
				CURRENT_PROJECT_VERSION = 1;
				DEVELOPMENT_TEAM = JY83NY58JG;
				GENERATE_INFOPLIST_FILE = YES;
				INFOPLIST_FILE = Widget/Info.plist;
				INFOPLIST_KEY_CFBundleDisplayName = Widget;
				INFOPLIST_KEY_NSHumanReadableCopyright = "";
				LD_RUNPATH_SEARCH_PATHS = (
					"$(inherited)",
					"@executable_path/Frameworks",
					"@executable_path/../../Frameworks",
				);
				MARKETING_VERSION = 2.0;
				PRODUCT_BUNDLE_IDENTIFIER = com.jacobmccloud.Timecard.Widget;
				PRODUCT_NAME = "$(TARGET_NAME)";
				SKIP_INSTALL = YES;
				SWIFT_EMIT_LOC_STRINGS = YES;
				SWIFT_VERSION = 6.0;
				TARGETED_DEVICE_FAMILY = "1,2";
			};
			name = Debug;
		};
		30B84A1A2B83C06200CC7DF8 /* Release */ = {
			isa = XCBuildConfiguration;
			buildSettings = {
				ASSETCATALOG_COMPILER_GLOBAL_ACCENT_COLOR_NAME = AccentColor;
				ASSETCATALOG_COMPILER_WIDGET_BACKGROUND_COLOR_NAME = WidgetBackground;
				CODE_SIGN_ENTITLEMENTS = Widget/WidgetExtension.entitlements;
				CODE_SIGN_STYLE = Automatic;
				CURRENT_PROJECT_VERSION = 1;
				DEVELOPMENT_TEAM = JY83NY58JG;
				GENERATE_INFOPLIST_FILE = YES;
				INFOPLIST_FILE = Widget/Info.plist;
				INFOPLIST_KEY_CFBundleDisplayName = Widget;
				INFOPLIST_KEY_NSHumanReadableCopyright = "";
				LD_RUNPATH_SEARCH_PATHS = (
					"$(inherited)",
					"@executable_path/Frameworks",
					"@executable_path/../../Frameworks",
				);
				MARKETING_VERSION = 2.0;
				PRODUCT_BUNDLE_IDENTIFIER = com.jacobmccloud.Timecard.Widget;
				PRODUCT_NAME = "$(TARGET_NAME)";
				SKIP_INSTALL = YES;
				SWIFT_EMIT_LOC_STRINGS = YES;
				SWIFT_VERSION = 6.0;
				TARGETED_DEVICE_FAMILY = "1,2";
			};
			name = Release;
		};
/* End XCBuildConfiguration section */

/* Begin XCConfigurationList section */
		3004242E2B7F975200177F0F /* Build configuration list for PBXProject "Timecard" */ = {
			isa = XCConfigurationList;
			buildConfigurations = (
				300424432B7F975300177F0F /* Debug */,
				300424442B7F975300177F0F /* Release */,
			);
			defaultConfigurationIsVisible = 0;
			defaultConfigurationName = Release;
		};
		300424452B7F975300177F0F /* Build configuration list for PBXNativeTarget "App" */ = {
			isa = XCConfigurationList;
			buildConfigurations = (
				300424462B7F975300177F0F /* Debug */,
				300424472B7F975300177F0F /* Release */,
			);
			defaultConfigurationIsVisible = 0;
			defaultConfigurationName = Release;
		};
		3048525E2D70F11500EE5682 /* Build configuration list for PBXNativeTarget "WatchApp" */ = {
			isa = XCConfigurationList;
			buildConfigurations = (
				3048525F2D70F11500EE5682 /* Debug */,
				304852602D70F11500EE5682 /* Release */,
			);
			defaultConfigurationIsVisible = 0;
			defaultConfigurationName = Release;
		};
		30B84A1B2B83C06200CC7DF8 /* Build configuration list for PBXNativeTarget "Widget" */ = {
			isa = XCConfigurationList;
			buildConfigurations = (
				30B84A192B83C06200CC7DF8 /* Debug */,
				30B84A1A2B83C06200CC7DF8 /* Release */,
			);
			defaultConfigurationIsVisible = 0;
			defaultConfigurationName = Release;
		};
/* End XCConfigurationList section */
	};
	rootObject = 3004242B2B7F975200177F0F /* Project object */;
}
